
Microsoft Visual Studio Solution File, Format Version 12.00
# Visual Studio 2013
VisualStudioVersion = 12.0.30110.0
MinimumVisualStudioVersion = 10.0.40219.1
Project("{FAE04EC0-301F-11D3-BF4B-00C04F79EFBC}") = "Question1", "Question1\Question1.csproj", "{D2FA3472-9B7F-4BDB-AA5B-B1133E98C32C}"
EndProject
Project("{FAE04EC0-301F-11D3-BF4B-00C04F79EFBC}") = "Question3", "Question3\Question3.csproj", "{C658C8AE-EA6B-4F36-864A-BA1DECF015C7}"
EndProject
Project("{FAE04EC0-301F-11D3-BF4B-00C04F79EFBC}") = "Question4", "Question4\Question4.csproj", "{DE0BC58F-DB03-4723-A921-58F256E47F63}"
EndProject
Project("{FAE04EC0-301F-11D3-BF4B-00C04F79EFBC}") = "Question2", "Question2\Question2.csproj", "{CDF85F5F-0949-4282-9F30-0F31145CFC4D}"
EndProject
Project("{FAE04EC0-301F-11D3-BF4B-00C04F79EFBC}") = "Question5", "Question5\Question5.csproj", "{5929D871-805E-40A3-8D36-F1E9333C0F4C}"
EndProject
Project("{FAE04EC0-301F-11D3-BF4B-00C04F79EFBC}") = "ArrayAndStrings", "ArrayAndStrings\ArrayAndStrings.csproj", "{E8A6FA41-D0B0-425E-B020-34FB30981836}"
EndProject
Project("{FAE04EC0-301F-11D3-BF4B-00C04F79EFBC}") = "TreesAndGraphs", "TreesAndGraphs\TreesAndGraphs.csproj", "{09BC709D-1279-472B-A9BF-387A8F9B80C4}"
EndProject
Project("{FAE04EC0-301F-11D3-BF4B-00C04F79EFBC}") = "BasicAlgorithms", "BasicAlgorithms\BasicAlgorithms.csproj", "{7B9BD41B-F181-421E-9666-AA23D0F38DDD}"
EndProject
Global
	GlobalSection(SolutionConfigurationPlatforms) = preSolution
		Debug|Any CPU = Debug|Any CPU
		Release|Any CPU = Release|Any CPU
	EndGlobalSection
	GlobalSection(ProjectConfigurationPlatforms) = postSolution
		{D2FA3472-9B7F-4BDB-AA5B-B1133E98C32C}.Debug|Any CPU.ActiveCfg = Debug|Any CPU
		{D2FA3472-9B7F-4BDB-AA5B-B1133E98C32C}.Debug|Any CPU.Build.0 = Debug|Any CPU
		{D2FA3472-9B7F-4BDB-AA5B-B1133E98C32C}.Release|Any CPU.ActiveCfg = Release|Any CPU
		{D2FA3472-9B7F-4BDB-AA5B-B1133E98C32C}.Release|Any CPU.Build.0 = Release|Any CPU
		{C658C8AE-EA6B-4F36-864A-BA1DECF015C7}.Debug|Any CPU.ActiveCfg = Debug|Any CPU
		{C658C8AE-EA6B-4F36-864A-BA1DECF015C7}.Debug|Any CPU.Build.0 = Debug|Any CPU
		{C658C8AE-EA6B-4F36-864A-BA1DECF015C7}.Release|Any CPU.ActiveCfg = Release|Any CPU
		{C658C8AE-EA6B-4F36-864A-BA1DECF015C7}.Release|Any CPU.Build.0 = Release|Any CPU
		{DE0BC58F-DB03-4723-A921-58F256E47F63}.Debug|Any CPU.ActiveCfg = Debug|Any CPU
		{DE0BC58F-DB03-4723-A921-58F256E47F63}.Debug|Any CPU.Build.0 = Debug|Any CPU
		{DE0BC58F-DB03-4723-A921-58F256E47F63}.Release|Any CPU.ActiveCfg = Release|Any CPU
		{DE0BC58F-DB03-4723-A921-58F256E47F63}.Release|Any CPU.Build.0 = Release|Any CPU
		{CDF85F5F-0949-4282-9F30-0F31145CFC4D}.Debug|Any CPU.ActiveCfg = Debug|Any CPU
		{CDF85F5F-0949-4282-9F30-0F31145CFC4D}.Debug|Any CPU.Build.0 = Debug|Any CPU
		{CDF85F5F-0949-4282-9F30-0F31145CFC4D}.Release|Any CPU.ActiveCfg = Release|Any CPU
		{CDF85F5F-0949-4282-9F30-0F31145CFC4D}.Release|Any CPU.Build.0 = Release|Any CPU
		{5929D871-805E-40A3-8D36-F1E9333C0F4C}.Debug|Any CPU.ActiveCfg = Debug|Any CPU
		{5929D871-805E-40A3-8D36-F1E9333C0F4C}.Debug|Any CPU.Build.0 = Debug|Any CPU
		{5929D871-805E-40A3-8D36-F1E9333C0F4C}.Release|Any CPU.ActiveCfg = Release|Any CPU
		{5929D871-805E-40A3-8D36-F1E9333C0F4C}.Release|Any CPU.Build.0 = Release|Any CPU
		{E8A6FA41-D0B0-425E-B020-34FB30981836}.Debug|Any CPU.ActiveCfg = Debug|Any CPU
		{E8A6FA41-D0B0-425E-B020-34FB30981836}.Debug|Any CPU.Build.0 = Debug|Any CPU
		{E8A6FA41-D0B0-425E-B020-34FB30981836}.Release|Any CPU.ActiveCfg = Release|Any CPU
		{E8A6FA41-D0B0-425E-B020-34FB30981836}.Release|Any CPU.Build.0 = Release|Any CPU
		{09BC709D-1279-472B-A9BF-387A8F9B80C4}.Debug|Any CPU.ActiveCfg = Debug|Any CPU
		{09BC709D-1279-472B-A9BF-387A8F9B80C4}.Debug|Any CPU.Build.0 = Debug|Any CPU
		{09BC709D-1279-472B-A9BF-387A8F9B80C4}.Release|Any CPU.ActiveCfg = Release|Any CPU
		{09BC709D-1279-472B-A9BF-387A8F9B80C4}.Release|Any CPU.Build.0 = Release|Any CPU
		{7B9BD41B-F181-421E-9666-AA23D0F38DDD}.Debug|Any CPU.ActiveCfg = Debug|Any CPU
		{7B9BD41B-F181-421E-9666-AA23D0F38DDD}.Debug|Any CPU.Build.0 = Debug|Any CPU
		{7B9BD41B-F181-421E-9666-AA23D0F38DDD}.Release|Any CPU.ActiveCfg = Release|Any CPU
		{7B9BD41B-F181-421E-9666-AA23D0F38DDD}.Release|Any CPU.Build.0 = Release|Any CPU
	EndGlobalSection
	GlobalSection(SolutionProperties) = preSolution
		HideSolutionNode = FALSE
	EndGlobalSection
EndGlobal
